
Microsoft Visual Studio Solution File, Format Version 12.00
# Visual Studio 14
VisualStudioVersion = 14.0.25420.1
MinimumVisualStudioVersion = 10.0.40219.1
Project("{FAE04EC0-301F-11D3-BF4B-00C04F79EFBC}") = "TeduShop.Common", "TeduShop.Common\TeduShop.Common.csproj", "{371BA0DB-A617-4FF1-953D-E8378160E7F8}"
EndProject
Project("{FAE04EC0-301F-11D3-BF4B-00C04F79EFBC}") = "TeduShop.Model", "TeduShop.Model\TeduShop.Model.csproj", "{C2DA51D7-0E47-440B-8478-C5CFEEFC8B54}"
EndProject
Project("{FAE04EC0-301F-11D3-BF4B-00C04F79EFBC}") = "TeduShop.Data", "TeduShop.Data\TeduShop.Data.csproj", "{50800D6F-3BF0-4441-9C63-025C541FE921}"
EndProject
Project("{FAE04EC0-301F-11D3-BF4B-00C04F79EFBC}") = "TeduShop.Service", "TeduShop.Service\TeduShop.Service.csproj", "{EC2CA81B-0145-4E0B-BCB1-4144C32CD0DB}"
EndProject
Project("{FAE04EC0-301F-11D3-BF4B-00C04F79EFBC}") = "TeduShop.UnitTest", "Tedu.UnitTest\TeduShop.UnitTest.csproj", "{81E110FF-B409-4FEA-BD4A-E437FF877198}"
EndProject
Project("{FAE04EC0-301F-11D3-BF4B-00C04F79EFBC}") = "TeduShop.Web", "TeduShop.Web\TeduShop.Web.csproj", "{C3EEFAB7-DF68-46D4-95FB-7BF4C3C5D8A2}"
EndProject
Global
	GlobalSection(SolutionConfigurationPlatforms) = preSolution
		Debug|Any CPU = Debug|Any CPU
		Release|Any CPU = Release|Any CPU
	EndGlobalSection
	GlobalSection(ProjectConfigurationPlatforms) = postSolution
		{371BA0DB-A617-4FF1-953D-E8378160E7F8}.Debug|Any CPU.ActiveCfg = Debug|Any CPU
		{371BA0DB-A617-4FF1-953D-E8378160E7F8}.Debug|Any CPU.Build.0 = Debug|Any CPU
		{371BA0DB-A617-4FF1-953D-E8378160E7F8}.Release|Any CPU.ActiveCfg = Release|Any CPU
		{371BA0DB-A617-4FF1-953D-E8378160E7F8}.Release|Any CPU.Build.0 = Release|Any CPU
		{C2DA51D7-0E47-440B-8478-C5CFEEFC8B54}.Debug|Any CPU.ActiveCfg = Debug|Any CPU
		{C2DA51D7-0E47-440B-8478-C5CFEEFC8B54}.Debug|Any CPU.Build.0 = Debug|Any CPU
		{C2DA51D7-0E47-440B-8478-C5CFEEFC8B54}.Release|Any CPU.ActiveCfg = Release|Any CPU
		{C2DA51D7-0E47-440B-8478-C5CFEEFC8B54}.Release|Any CPU.Build.0 = Release|Any CPU
		{50800D6F-3BF0-4441-9C63-025C541FE921}.Debug|Any CPU.ActiveCfg = Debug|Any CPU
		{50800D6F-3BF0-4441-9C63-025C541FE921}.Debug|Any CPU.Build.0 = Debug|Any CPU
		{50800D6F-3BF0-4441-9C63-025C541FE921}.Release|Any CPU.ActiveCfg = Release|Any CPU
		{50800D6F-3BF0-4441-9C63-025C541FE921}.Release|Any CPU.Build.0 = Release|Any CPU
		{EC2CA81B-0145-4E0B-BCB1-4144C32CD0DB}.Debug|Any CPU.ActiveCfg = Debug|Any CPU
		{EC2CA81B-0145-4E0B-BCB1-4144C32CD0DB}.Debug|Any CPU.Build.0 = Debug|Any CPU
		{EC2CA81B-0145-4E0B-BCB1-4144C32CD0DB}.Release|Any CPU.ActiveCfg = Release|Any CPU
		{EC2CA81B-0145-4E0B-BCB1-4144C32CD0DB}.Release|Any CPU.Build.0 = Release|Any CPU
		{81E110FF-B409-4FEA-BD4A-E437FF877198}.Debug|Any CPU.ActiveCfg = Debug|Any CPU
		{81E110FF-B409-4FEA-BD4A-E437FF877198}.Debug|Any CPU.Build.0 = Debug|Any CPU
		{81E110FF-B409-4FEA-BD4A-E437FF877198}.Release|Any CPU.ActiveCfg = Release|Any CPU
		{81E110FF-B409-4FEA-BD4A-E437FF877198}.Release|Any CPU.Build.0 = Release|Any CPU
		{C3EEFAB7-DF68-46D4-95FB-7BF4C3C5D8A2}.Debug|Any CPU.ActiveCfg = Debug|Any CPU
		{C3EEFAB7-DF68-46D4-95FB-7BF4C3C5D8A2}.Debug|Any CPU.Build.0 = Debug|Any CPU
		{C3EEFAB7-DF68-46D4-95FB-7BF4C3C5D8A2}.Release|Any CPU.ActiveCfg = Release|Any CPU
		{C3EEFAB7-DF68-46D4-95FB-7BF4C3C5D8A2}.Release|Any CPU.Build.0 = Release|Any CPU
	EndGlobalSection
	GlobalSection(SolutionProperties) = preSolution
		HideSolutionNode = FALSE
	EndGlobalSection
EndGlobal
